{
  "name": "webscrapper-SICI",
  "lockfileVersion": 3,
  "requires": true,
  "packages": {
    "": {
      "devDependencies": {
        "@documentation-engineer/kit": "file:../system-documentation/documentation-engineer-kit-0.1.0-beta.1.tgz"
      }
    },
    "node_modules/@documentation-engineer/kit": {
      "version": "0.1.0-beta.1",
      "resolved": "file:../system-documentation/documentation-engineer-kit-0.1.0-beta.1.tgz",
      "integrity": "sha512-bpCm5IcV3JhNJP7Il73suMZpQ/uf7fc4FlNziEUM6fX+oPJvG+E+4Y/g8U5Y+75ETIR7/14I+MY3Yz/DcXO/mA==",
      "dev": true,
      "hasInstallScript": true,
      "license": "MIT",
      "bin": {
        "documentation-engineer": "bin/documentation-engineer.js"
      },
      "engines": {
        "node": ">=16"
      }
    }
  }
}
